
Microsoft Visual Studio Solution File, Format Version 12.00
# Visual Studio Version 16
VisualStudioVersion = 16.0.33027.164
MinimumVisualStudioVersion = 10.0.40219.1
Project("{FAE04EC0-301F-11D3-BF4B-00C04F79EFBC}") = "Start", "ConsoleApplication1\Start.csproj", "{D45D8685-27DD-4DC3-9012-14E5DB899A57}"
EndProject
Project("{FAE04EC0-301F-11D3-BF4B-00C04F79EFBC}") = "MoreOnArray", "MoreOnArray\MoreOnArray.csproj", "{0F007388-3BA1-41E2-9AAB-F0BC9AEC2A44}"
EndProject
Project("{FAE04EC0-301F-11D3-BF4B-00C04F79EFBC}") = "ConstraintOnTypeParameters", "ConstraintOnTypeParameters\ConstraintOnTypeParameters.csproj", "{B807743C-60F3-415A-8BBF-B5BDAE63D729}"
EndProject
Project("{FAE04EC0-301F-11D3-BF4B-00C04F79EFBC}") = "GenericDelegate", "GenericDelegate\GenericDelegate.csproj", "{7396065C-9786-43F8-9FD3-F76C0C77CBD0}"
EndProject
Project("{FAE04EC0-301F-11D3-BF4B-00C04F79EFBC}") = "FuncTest", "FuncTest\FuncTest.csproj", "{76743DD9-37AF-402A-AC84-62D3A692EC34}"
EndProject
Project("{FAE04EC0-301F-11D3-BF4B-00C04F79EFBC}") = "UsingExpressionTree", "UsingExpressionTree\UsingExpressionTree.csproj", "{4426B130-BE4A-489A-97D6-3CAAD39E040A}"
EndProject
Project("{FAE04EC0-301F-11D3-BF4B-00C04F79EFBC}") = "ExpressionBodiedMember", "ExpressionBodiedMember\ExpressionBodiedMember.csproj", "{5EB038C2-94F4-44DB-AFB3-61CE5FF40C59}"
EndProject
Project("{FAE04EC0-301F-11D3-BF4B-00C04F79EFBC}") = "SimpleLinq", "SimpleLinq\SimpleLinq.csproj", "{6491E28E-87AE-4F52-8D6F-101B0AEBAABE}"
EndProject
Project("{FAE04EC0-301F-11D3-BF4B-00C04F79EFBC}") = "GroupBy", "GroupBy\GroupBy.csproj", "{91CE6542-EAF9-436B-8CAE-D9E7084EEA74}"
EndProject
Project("{2150E333-8FDC-42A3-9474-1A3956D46DE8}") = "chapter18", "chapter18", "{FCE0B659-08E1-4125-9493-4C7FC771401C}"
EndProject
Project("{FAE04EC0-301F-11D3-BF4B-00C04F79EFBC}") = "Dir", "Dir\Dir.csproj", "{2B78EFD9-2B0C-4D0D-B6BA-1CF98BFE7714}"
EndProject
Global
	GlobalSection(SolutionConfigurationPlatforms) = preSolution
		Debug|Any CPU = Debug|Any CPU
		Release|Any CPU = Release|Any CPU
	EndGlobalSection
	GlobalSection(ProjectConfigurationPlatforms) = postSolution
		{D45D8685-27DD-4DC3-9012-14E5DB899A57}.Debug|Any CPU.ActiveCfg = Debug|Any CPU
		{D45D8685-27DD-4DC3-9012-14E5DB899A57}.Debug|Any CPU.Build.0 = Debug|Any CPU
		{D45D8685-27DD-4DC3-9012-14E5DB899A57}.Release|Any CPU.ActiveCfg = Release|Any CPU
		{D45D8685-27DD-4DC3-9012-14E5DB899A57}.Release|Any CPU.Build.0 = Release|Any CPU
		{0F007388-3BA1-41E2-9AAB-F0BC9AEC2A44}.Debug|Any CPU.ActiveCfg = Debug|Any CPU
		{0F007388-3BA1-41E2-9AAB-F0BC9AEC2A44}.Debug|Any CPU.Build.0 = Debug|Any CPU
		{0F007388-3BA1-41E2-9AAB-F0BC9AEC2A44}.Release|Any CPU.ActiveCfg = Release|Any CPU
		{0F007388-3BA1-41E2-9AAB-F0BC9AEC2A44}.Release|Any CPU.Build.0 = Release|Any CPU
		{B807743C-60F3-415A-8BBF-B5BDAE63D729}.Debug|Any CPU.ActiveCfg = Debug|Any CPU
		{B807743C-60F3-415A-8BBF-B5BDAE63D729}.Debug|Any CPU.Build.0 = Debug|Any CPU
		{B807743C-60F3-415A-8BBF-B5BDAE63D729}.Release|Any CPU.ActiveCfg = Release|Any CPU
		{B807743C-60F3-415A-8BBF-B5BDAE63D729}.Release|Any CPU.Build.0 = Release|Any CPU
		{7396065C-9786-43F8-9FD3-F76C0C77CBD0}.Debug|Any CPU.ActiveCfg = Debug|Any CPU
		{7396065C-9786-43F8-9FD3-F76C0C77CBD0}.Debug|Any CPU.Build.0 = Debug|Any CPU
		{7396065C-9786-43F8-9FD3-F76C0C77CBD0}.Release|Any CPU.ActiveCfg = Release|Any CPU
		{7396065C-9786-43F8-9FD3-F76C0C77CBD0}.Release|Any CPU.Build.0 = Release|Any CPU
		{76743DD9-37AF-402A-AC84-62D3A692EC34}.Debug|Any CPU.ActiveCfg = Debug|Any CPU
		{76743DD9-37AF-402A-AC84-62D3A692EC34}.Debug|Any CPU.Build.0 = Debug|Any CPU
		{76743DD9-37AF-402A-AC84-62D3A692EC34}.Release|Any CPU.ActiveCfg = Release|Any CPU
		{76743DD9-37AF-402A-AC84-62D3A692EC34}.Release|Any CPU.Build.0 = Release|Any CPU
		{4426B130-BE4A-489A-97D6-3CAAD39E040A}.Debug|Any CPU.ActiveCfg = Debug|Any CPU
		{4426B130-BE4A-489A-97D6-3CAAD39E040A}.Debug|Any CPU.Build.0 = Debug|Any CPU
		{4426B130-BE4A-489A-97D6-3CAAD39E040A}.Release|Any CPU.ActiveCfg = Release|Any CPU
		{4426B130-BE4A-489A-97D6-3CAAD39E040A}.Release|Any CPU.Build.0 = Release|Any CPU
		{5EB038C2-94F4-44DB-AFB3-61CE5FF40C59}.Debug|Any CPU.ActiveCfg = Debug|Any CPU
		{5EB038C2-94F4-44DB-AFB3-61CE5FF40C59}.Debug|Any CPU.Build.0 = Debug|Any CPU
		{5EB038C2-94F4-44DB-AFB3-61CE5FF40C59}.Release|Any CPU.ActiveCfg = Release|Any CPU
		{5EB038C2-94F4-44DB-AFB3-61CE5FF40C59}.Release|Any CPU.Build.0 = Release|Any CPU
		{6491E28E-87AE-4F52-8D6F-101B0AEBAABE}.Debug|Any CPU.ActiveCfg = Debug|Any CPU
		{6491E28E-87AE-4F52-8D6F-101B0AEBAABE}.Debug|Any CPU.Build.0 = Debug|Any CPU
		{6491E28E-87AE-4F52-8D6F-101B0AEBAABE}.Release|Any CPU.ActiveCfg = Release|Any CPU
		{6491E28E-87AE-4F52-8D6F-101B0AEBAABE}.Release|Any CPU.Build.0 = Release|Any CPU
		{91CE6542-EAF9-436B-8CAE-D9E7084EEA74}.Debug|Any CPU.ActiveCfg = Debug|Any CPU
		{91CE6542-EAF9-436B-8CAE-D9E7084EEA74}.Debug|Any CPU.Build.0 = Debug|Any CPU
		{91CE6542-EAF9-436B-8CAE-D9E7084EEA74}.Release|Any CPU.ActiveCfg = Release|Any CPU
		{91CE6542-EAF9-436B-8CAE-D9E7084EEA74}.Release|Any CPU.Build.0 = Release|Any CPU
		{2B78EFD9-2B0C-4D0D-B6BA-1CF98BFE7714}.Debug|Any CPU.ActiveCfg = Debug|Any CPU
		{2B78EFD9-2B0C-4D0D-B6BA-1CF98BFE7714}.Debug|Any CPU.Build.0 = Debug|Any CPU
		{2B78EFD9-2B0C-4D0D-B6BA-1CF98BFE7714}.Release|Any CPU.ActiveCfg = Release|Any CPU
		{2B78EFD9-2B0C-4D0D-B6BA-1CF98BFE7714}.Release|Any CPU.Build.0 = Release|Any CPU
	EndGlobalSection
	GlobalSection(SolutionProperties) = preSolution
		HideSolutionNode = FALSE
	EndGlobalSection
	GlobalSection(NestedProjects) = preSolution
		{2B78EFD9-2B0C-4D0D-B6BA-1CF98BFE7714} = {FCE0B659-08E1-4125-9493-4C7FC771401C}
	EndGlobalSection
	GlobalSection(ExtensibilityGlobals) = postSolution
		SolutionGuid = {38AF94FF-5C32-4148-9662-98AB8CA32091}
	EndGlobalSection
EndGlobal
